
Microsoft Visual Studio Solution File, Format Version 12.00
# Visual Studio Version 17
VisualStudioVersion = 17.14.37411.7 d17.14
MinimumVisualStudioVersion = 10.0.40219.1
Project("{FAE04EC0-301F-11D3-BF4B-00C04F79EFBC}") = "Q4Anastasio", "Q4Anastasio\Q4Anastasio.csproj", "{17FCCD5D-5243-47FE-9C14-18F40E238587}"
EndProject
Global
	GlobalSection(SolutionConfigurationPlatforms) = preSolution
		Debug|Any CPU = Debug|Any CPU
		Release|Any CPU = Release|Any CPU
	EndGlobalSection
	GlobalSection(ProjectConfigurationPlatforms) = postSolution
		{17FCCD5D-5243-47FE-9C14-18F40E238587}.Debug|Any CPU.ActiveCfg = Debug|Any CPU
		{17FCCD5D-5243-47FE-9C14-18F40E238587}.Debug|Any CPU.Build.0 = Debug|Any CPU
		{17FCCD5D-5243-47FE-9C14-18F40E238587}.Release|Any CPU.ActiveCfg = Release|Any CPU
		{17FCCD5D-5243-47FE-9C14-18F40E238587}.Release|Any CPU.Build.0 = Release|Any CPU
	EndGlobalSection
	GlobalSection(SolutionProperties) = preSolution
		HideSolutionNode = FALSE
	EndGlobalSection
	GlobalSection(ExtensibilityGlobals) = postSolution
		SolutionGuid = {9C31B80C-C1D8-42D5-A1B2-42E3AD71E092}
	EndGlobalSection
EndGlobal
