
Microsoft Visual Studio Solution File, Format Version 12.00
# Visual Studio Version 17
VisualStudioVersion = 17.14.37301.10 d17.14
MinimumVisualStudioVersion = 10.0.40219.1
Project("{FAE04EC0-301F-11D3-BF4B-00C04F79EFBC}") = "AnastasioQ1", "AnastasioQ1\AnastasioQ1.csproj", "{CBF2A821-92E2-41D2-9869-4BEC224172C4}"
EndProject
Global
	GlobalSection(SolutionConfigurationPlatforms) = preSolution
		Debug|Any CPU = Debug|Any CPU
		Release|Any CPU = Release|Any CPU
	EndGlobalSection
	GlobalSection(ProjectConfigurationPlatforms) = postSolution
		{CBF2A821-92E2-41D2-9869-4BEC224172C4}.Debug|Any CPU.ActiveCfg = Debug|Any CPU
		{CBF2A821-92E2-41D2-9869-4BEC224172C4}.Debug|Any CPU.Build.0 = Debug|Any CPU
		{CBF2A821-92E2-41D2-9869-4BEC224172C4}.Release|Any CPU.ActiveCfg = Release|Any CPU
		{CBF2A821-92E2-41D2-9869-4BEC224172C4}.Release|Any CPU.Build.0 = Release|Any CPU
	EndGlobalSection
	GlobalSection(SolutionProperties) = preSolution
		HideSolutionNode = FALSE
	EndGlobalSection
	GlobalSection(ExtensibilityGlobals) = postSolution
		SolutionGuid = {D28F1207-0374-46F1-BF9A-BBC274D67B37}
	EndGlobalSection
EndGlobal
